
Microsoft Visual Studio Solution File, Format Version 12.00
# Visual Studio Version 16
VisualStudioVersion = 16.0.29215.179
MinimumVisualStudioVersion = 10.0.40219.1
Project("{FAE04EC0-301F-11D3-BF4B-00C04F79EFBC}") = "AlbergueHN", "AlbergueHN\AlbergueHN.csproj", "{ECD173A8-25E2-41BF-B773-826BE277515C}"
EndProject
Global
	GlobalSection(SolutionConfigurationPlatforms) = preSolution
		Debug|Any CPU = Debug|Any CPU
		Release|Any CPU = Release|Any CPU
	EndGlobalSection
	GlobalSection(ProjectConfigurationPlatforms) = postSolution
		{ECD173A8-25E2-41BF-B773-826BE277515C}.Debug|Any CPU.ActiveCfg = Debug|Any CPU
		{ECD173A8-25E2-41BF-B773-826BE277515C}.Debug|Any CPU.Build.0 = Debug|Any CPU
		{ECD173A8-25E2-41BF-B773-826BE277515C}.Release|Any CPU.ActiveCfg = Release|Any CPU
		{ECD173A8-25E2-41BF-B773-826BE277515C}.Release|Any CPU.Build.0 = Release|Any CPU
	EndGlobalSection
	GlobalSection(SolutionProperties) = preSolution
		HideSolutionNode = FALSE
	EndGlobalSection
	GlobalSection(ExtensibilityGlobals) = postSolution
		SolutionGuid = {5FC2DDF9-A8E3-46FF-9CA8-F07E99E2EFB7}
	EndGlobalSection
EndGlobal
